
Microsoft Visual Studio Solution File, Format Version 11.00
# Visual Studio 2010
Project("{FAE04EC0-301F-11D3-BF4B-00C04F79EFBC}") = "Assembly-CSharp", "Assembly-CSharp.csproj", "{CC548C5C-C8D9-DAB2-6CA8-E8AA51621CFC}"
EndProject
Global
	GlobalSection(SolutionConfigurationPlatforms) = preSolution
		Debug|Any CPU = Debug|Any CPU
		Release|Any CPU = Release|Any CPU
	EndGlobalSection
	GlobalSection(ProjectConfigurationPlatforms) = postSolution
		{CC548C5C-C8D9-DAB2-6CA8-E8AA51621CFC}.Debug|Any CPU.ActiveCfg = Debug|Any CPU
		{CC548C5C-C8D9-DAB2-6CA8-E8AA51621CFC}.Debug|Any CPU.Build.0 = Debug|Any CPU
		{CC548C5C-C8D9-DAB2-6CA8-E8AA51621CFC}.Release|Any CPU.ActiveCfg = Release|Any CPU
		{CC548C5C-C8D9-DAB2-6CA8-E8AA51621CFC}.Release|Any CPU.Build.0 = Release|Any CPU
	EndGlobalSection
	GlobalSection(SolutionProperties) = preSolution
		HideSolutionNode = FALSE
	EndGlobalSection
EndGlobal
